version = 1
requires-python = ">=3.10"

[[package]]
name = "cffi"
version = "1.17.1"
source = { registry = "https://pypi.org/simple" }
dependencies = [
    { name = "pycparser" },
]
sdist = { url = "https://files.pythonhosted.org/packages/fc/97/c783634659c2920c3fc70419e3af40972dbaf758daa229a7d6ea6135c90d/cffi-1.17.1.tar.gz", hash = "sha256:1c39c6016c32bc48dd54561950ebd6836e1670f2ae46128f67cf49e789c52824", size = 516621 }
wheels = [
    { url = "https://files.pythonhosted.org/packages/90/07/f44ca684db4e4f08a3fdc6eeb9a0d15dc6883efc7b8c90357fdbf74e186c/cffi-1.17.1-cp310-cp310-macosx_10_9_x86_64.whl", hash = "sha256:df8b1c11f177bc2313ec4b2d46baec87a5f3e71fc8b45dab2ee7cae86d9aba14", size = 182191 },
    { url = "https://files.pythonhosted.org/packages/08/fd/cc2fedbd887223f9f5d170c96e57cbf655df9831a6546c1727ae13fa977a/cffi-1.17.1-cp310-cp310-macosx_11_0_arm64.whl", hash = "sha256:8f2cdc858323644ab277e9bb925ad72ae0e67f69e804f4898c070998d50b1a67", size = 178592 },
    { url = "https://files.pythonhosted.org/packages/de/cc/4635c320081c78d6ffc2cab0a76025b691a91204f4aa317d568ff9280a2d/cffi-1.17.1-cp310-cp310-manylinux_2_12_i686.manylinux2010_i686.manylinux_2_17_i686.manylinux2014_i686.whl", hash = "sha256:edae79245293e15384b51f88b00613ba9f7198016a5948b5dddf4917d4d26382", size = 426024 },
    { url = "https://files.pythonhosted.org/packages/b6/7b/3b2b250f3aab91abe5f8a51ada1b717935fdaec53f790ad4100fe2ec64d1/cffi-1.17.1-cp310-cp310-manylinux_2_17_aarch64.manylinux2014_aarch64.whl", hash = "sha256:45398b671ac6d70e67da8e4224a065cec6a93541bb7aebe1b198a61b58c7b702", size = 448188 },
    { url = "https://files.pythonhosted.org/packages/d3/48/1b9283ebbf0ec065148d8de05d647a986c5f22586b18120020452fff8f5d/cffi-1.17.1-cp310-cp310-manylinux_2_17_ppc64le.manylinux2014_ppc64le.whl", hash = "sha256:ad9413ccdeda48c5afdae7e4fa2192157e991ff761e7ab8fdd8926f40b160cc3", size = 455571 },
    { url = "https://files.pythonhosted.org/packages/40/87/3b8452525437b40f39ca7ff70276679772ee7e8b394934ff60e63b7b090c/cffi-1.17.1-cp310-cp310-manylinux_2_17_s390x.manylinux2014_s390x.whl", hash = "sha256:5da5719280082ac6bd9aa7becb3938dc9f9cbd57fac7d2871717b1feb0902ab6", size = 436687 },
    { url = "https://files.pythonhosted.org/packages/8d/fb/4da72871d177d63649ac449aec2e8a29efe0274035880c7af59101ca2232/cffi-1.17.1-cp310-cp310-manylinux_2_17_x86_64.manylinux2014_x86_64.whl", hash = "sha256:2bb1a08b8008b281856e5971307cc386a8e9c5b625ac297e853d36da6efe9c17", size = 446211 },
    { url = "https://files.pythonhosted.org/packages/ab/a0/62f00bcb411332106c02b663b26f3545a9ef136f80d5df746c05878f8c4b/cffi-1.17.1-cp310-cp310-musllinux_1_1_aarch64.whl", hash = "sha256:045d61c734659cc045141be4bae381a41d89b741f795af1dd018bfb532fd0df8", size = 461325 },
    { url = "https://files.pythonhosted.org/packages/36/83/76127035ed2e7e27b0787604d99da630ac3123bfb02d8e80c633f218a11d/cffi-1.17.1-cp310-cp310-musllinux_1_1_i686.whl", hash = "sha256:6883e737d7d9e4899a8a695e00ec36bd4e5e4f18fabe0aca0efe0a4b44cdb13e", size = 438784 },
    { url = "https://files.pythonhosted.org/packages/21/81/a6cd025db2f08ac88b901b745c163d884641909641f9b826e8cb87645942/cffi-1.17.1-cp310-cp310-musllinux_1_1_x86_64.whl", hash = "sha256:6b8b4a92e1c65048ff98cfe1f735ef8f1ceb72e3d5f0c25fdb12087a23da22be", size = 461564 },
    { url = "https://files.pythonhosted.org/packages/f8/fe/4d41c2f200c4a457933dbd98d3cf4e911870877bd94d9656cc0fcb390681/cffi-1.17.1-cp310-cp310-win32.whl", hash = "sha256:c9c3d058ebabb74db66e431095118094d06abf53284d9c81f27300d0e0d8bc7c", size = 171804 },
    { url = "https://files.pythonhosted.org/packages/d1/b6/0b0f5ab93b0df4acc49cae758c81fe4e5ef26c3ae2e10cc69249dfd8b3ab/cffi-1.17.1-cp310-cp310-win_amd64.whl", hash = "sha256:0f048dcf80db46f0098ccac01132761580d28e28bc0f78ae0d58048063317e15", size = 181299 },
    { url = "https://files.pythonhosted.org/packages/6b/f4/927e3a8899e52a27fa57a48607ff7dc91a9ebe97399b357b85a0c7892e00/cffi-1.17.1-cp311-cp311-macosx_10_9_x86_64.whl", hash = "sha256:a45e3c6913c5b87b3ff120dcdc03f6131fa0065027d0ed7ee6190736a74cd401", size = 182264 },
    { url = "https://files.pythonhosted.org/packages/6c/f5/6c3a8efe5f503175aaddcbea6ad0d2c96dad6f5abb205750d1b3df44ef29/cffi-1.17.1-cp311-cp311-macosx_11_0_arm64.whl", hash = "sha256:30c5e0cb5ae493c04c8b42916e52ca38079f1b235c2f8ae5f4527b963c401caf", size = 178651 },
    { url = "https://files.pythonhosted.org/packages/94/dd/a3f0118e688d1b1a57553da23b16bdade96d2f9bcda4d32e7d2838047ff7/cffi-1.17.1-cp311-cp311-manylinux_2_12_i686.manylinux2010_i686.manylinux_2_17_i686.manylinux2014_i686.whl", hash = "sha256:f75c7ab1f9e4aca5414ed4d8e5c0e303a34f4421f8a0d47a4d019ceff0ab6af4", size = 445259 },
    { url = "https://files.pythonhosted.org/packages/2e/ea/70ce63780f096e16ce8588efe039d3c4f91deb1dc01e9c73a287939c79a6/cffi-1.17.1-cp311-cp311-manylinux_2_17_aarch64.manylinux2014_aarch64.whl", hash = "sha256:a1ed2dd2972641495a3ec98445e09766f077aee98a1c896dcb4ad0d303628e41", size = 469200 },
    { url = "https://files.pythonhosted.org/packages/1c/a0/a4fa9f4f781bda074c3ddd57a572b060fa0df7655d2a4247bbe277200146/cffi-1.17.1-cp311-cp311-manylinux_2_17_ppc64le.manylinux2014_ppc64le.whl", hash = "sha256:46bf43160c1a35f7ec506d254e5c890f3c03648a4dbac12d624e4490a7046cd1", size = 477235 },
    { url = "https://files.pythonhosted.org/packages/62/12/ce8710b5b8affbcdd5c6e367217c242524ad17a02fe5beec3ee339f69f85/cffi-1.17.1-cp311-cp311-manylinux_2_17_s390x.manylinux2014_s390x.whl", hash = "sha256:a24ed04c8ffd54b0729c07cee15a81d964e6fee0e3d4d342a27b020d22959dc6", size = 459721 },
    { url = "https://files.pythonhosted.org/packages/ff/6b/d45873c5e0242196f042d555526f92aa9e0c32355a1be1ff8c27f077fd37/cffi-1.17.1-cp311-cp311-manylinux_2_17_x86_64.manylinux2014_x86_64.whl", hash = "sha256:610faea79c43e44c71e1ec53a554553fa22321b65fae24889706c0a84d4ad86d", size = 467242 },
    { url = "https://files.pythonhosted.org/packages/1a/52/d9a0e523a572fbccf2955f5abe883cfa8bcc570d7faeee06336fbd50c9fc/cffi-1.17.1-cp311-cp311-musllinux_1_1_aarch64.whl", hash = "sha256:a9b15d491f3ad5d692e11f6b71f7857e7835eb677955c00cc0aefcd0669adaf6", size = 477999 },
    { url = "https://files.pythonhosted.org/packages/44/74/f2a2460684a1a2d00ca799ad880d54652841a780c4c97b87754f660c7603/cffi-1.17.1-cp311-cp311-musllinux_1_1_i686.whl", hash = "sha256:de2ea4b5833625383e464549fec1bc395c1bdeeb5f25c4a3a82b5a8c756ec22f", size = 454242 },
    { url = "https://files.pythonhosted.org/packages/f8/4a/34599cac7dfcd888ff54e801afe06a19c17787dfd94495ab0c8d35fe99fb/cffi-1.17.1-cp311-cp311-musllinux_1_1_x86_64.whl", hash = "sha256:fc48c783f9c87e60831201f2cce7f3b2e4846bf4d8728eabe54d60700b318a0b", size = 478604 },
    { url = "https://files.pythonhosted.org/packages/34/33/e1b8a1ba29025adbdcda5fb3a36f94c03d771c1b7b12f726ff7fef2ebe36/cffi-1.17.1-cp311-cp311-win32.whl", hash = "sha256:85a950a4ac9c359340d5963966e3e0a94a676bd6245a4b55bc43949eee26a655", size = 171727 },
    { url = "https://files.pythonhosted.org/packages/3d/97/50228be003bb2802627d28ec0627837ac0bf35c90cf769812056f235b2d1/cffi-1.17.1-cp311-cp311-win_amd64.whl", hash = "sha256:caaf0640ef5f5517f49bc275eca1406b0ffa6aa184892812030f04c2abf589a0", size = 181400 },
    { url = "https://files.pythonhosted.org/packages/5a/84/e94227139ee5fb4d600a7a4927f322e1d4aea6fdc50bd3fca8493caba23f/cffi-1.17.1-cp312-cp312-macosx_10_9_x86_64.whl", hash = "sha256:805b4371bf7197c329fcb3ead37e710d1bca9da5d583f5073b799d5c5bd1eee4", size = 183178 },
    { url = "https://files.pythonhosted.org/packages/da/ee/fb72c2b48656111c4ef27f0f91da355e130a923473bf5ee75c5643d00cca/cffi-1.17.1-cp312-cp312-macosx_11_0_arm64.whl", hash = "sha256:733e99bc2df47476e3848417c5a4540522f234dfd4ef3ab7fafdf555b082ec0c", size = 178840 },
    { url = "https://files.pythonhosted.org/packages/cc/b6/db007700f67d151abadf508cbfd6a1884f57eab90b1bb985c4c8c02b0f28/cffi-1.17.1-cp312-cp312-manylinux_2_12_i686.manylinux2010_i686.manylinux_2_17_i686.manylinux2014_i686.whl", hash = "sha256:1257bdabf294dceb59f5e70c64a3e2f462c30c7ad68092d01bbbfb1c16b1ba36", size = 454803 },
    { url = "https://files.pythonhosted.org/packages/1a/df/f8d151540d8c200eb1c6fba8cd0dfd40904f1b0682ea705c36e6c2e97ab3/cffi-1.17.1-cp312-cp312-manylinux_2_17_aarch64.manylinux2014_aarch64.whl", hash = "sha256:da95af8214998d77a98cc14e3a3bd00aa191526343078b530ceb0bd710fb48a5", size = 478850 },
    { url = "https://files.pythonhosted.org/packages/28/c0/b31116332a547fd2677ae5b78a2ef662dfc8023d67f41b2a83f7c2aa78b1/cffi-1.17.1-cp312-cp312-manylinux_2_17_ppc64le.manylinux2014_ppc64le.whl", hash = "sha256:d63afe322132c194cf832bfec0dc69a99fb9bb6bbd550f161a49e9e855cc78ff", size = 485729 },
    { url = "https://files.pythonhosted.org/packages/91/2b/9a1ddfa5c7f13cab007a2c9cc295b70fbbda7cb10a286aa6810338e60ea1/cffi-1.17.1-cp312-cp312-manylinux_2_17_s390x.manylinux2014_s390x.whl", hash = "sha256:f79fc4fc25f1c8698ff97788206bb3c2598949bfe0fef03d299eb1b5356ada99", size = 471256 },
    { url = "https://files.pythonhosted.org/packages/b2/d5/da47df7004cb17e4955df6a43d14b3b4ae77737dff8bf7f8f333196717bf/cffi-1.17.1-cp312-cp312-manylinux_2_17_x86_64.manylinux2014_x86_64.whl", hash = "sha256:b62ce867176a75d03a665bad002af8e6d54644fad99a3c70905c543130e39d93", size = 479424 },
    { url = "https://files.pythonhosted.org/packages/0b/ac/2a28bcf513e93a219c8a4e8e125534f4f6db03e3179ba1c45e949b76212c/cffi-1.17.1-cp312-cp312-musllinux_1_1_aarch64.whl", hash = "sha256:386c8bf53c502fff58903061338ce4f4950cbdcb23e2902d86c0f722b786bbe3", size = 484568 },
    { url = "https://files.pythonhosted.org/packages/d4/38/ca8a4f639065f14ae0f1d9751e70447a261f1a30fa7547a828ae08142465/cffi-1.17.1-cp312-cp312-musllinux_1_1_x86_64.whl", hash = "sha256:4ceb10419a9adf4460ea14cfd6bc43d08701f0835e979bf821052f1805850fe8", size = 488736 },
    { url = "https://files.pythonhosted.org/packages/86/c5/28b2d6f799ec0bdecf44dced2ec5ed43e0eb63097b0f58c293583b406582/cffi-1.17.1-cp312-cp312-win32.whl", hash = "sha256:a08d7e755f8ed21095a310a693525137cfe756ce62d066e53f502a83dc550f65", size = 172448 },
    { url = "https://files.pythonhosted.org/packages/50/b9/db34c4755a7bd1cb2d1603ac3863f22bcecbd1ba29e5ee841a4bc510b294/cffi-1.17.1-cp312-cp312-win_amd64.whl", hash = "sha256:51392eae71afec0d0c8fb1a53b204dbb3bcabcb3c9b807eedf3e1e6ccf2de903", size = 181976 },
    { url = "https://files.pythonhosted.org/packages/8d/f8/dd6c246b148639254dad4d6803eb6a54e8c85c6e11ec9df2cffa87571dbe/cffi-1.17.1-cp313-cp313-macosx_10_13_x86_64.whl", hash = "sha256:f3a2b4222ce6b60e2e8b337bb9596923045681d71e5a082783484d845390938e", size = 182989 },
    { url = "https://files.pythonhosted.org/packages/8b/f1/672d303ddf17c24fc83afd712316fda78dc6fce1cd53011b839483e1ecc8/cffi-1.17.1-cp313-cp313-macosx_11_0_arm64.whl", hash = "sha256:0984a4925a435b1da406122d4d7968dd861c1385afe3b45ba82b750f229811e2", size = 178802 },
    { url = "https://files.pythonhosted.org/packages/0e/2d/eab2e858a91fdff70533cab61dcff4a1f55ec60425832ddfdc9cd36bc8af/cffi-1.17.1-cp313-cp313-manylinux_2_12_i686.manylinux2010_i686.manylinux_2_17_i686.manylinux2014_i686.whl", hash = "sha256:d01b12eeeb4427d3110de311e1774046ad344f5b1a7403101878976ecd7a10f3", size = 454792 },
    { url = "https://files.pythonhosted.org/packages/75/b2/fbaec7c4455c604e29388d55599b99ebcc250a60050610fadde58932b7ee/cffi-1.17.1-cp313-cp313-manylinux_2_17_aarch64.manylinux2014_aarch64.whl", hash = "sha256:706510fe141c86a69c8ddc029c7910003a17353970cff3b904ff0686a5927683", size = 478893 },
    { url = "https://files.pythonhosted.org/packages/4f/b7/6e4a2162178bf1935c336d4da8a9352cccab4d3a5d7914065490f08c0690/cffi-1.17.1-cp313-cp313-manylinux_2_17_ppc64le.manylinux2014_ppc64le.whl", hash = "sha256:de55b766c7aa2e2a3092c51e0483d700341182f08e67c63630d5b6f200bb28e5", size = 485810 },
    { url = "https://files.pythonhosted.org/packages/c7/8a/1d0e4a9c26e54746dc08c2c6c037889124d4f59dffd853a659fa545f1b40/cffi-1.17.1-cp313-cp313-manylinux_2_17_s390x.manylinux2014_s390x.whl", hash = "sha256:c59d6e989d07460165cc5ad3c61f9fd8f1b4796eacbd81cee78957842b834af4", size = 471200 },
    { url = "https://files.pythonhosted.org/packages/26/9f/1aab65a6c0db35f43c4d1b4f580e8df53914310afc10ae0397d29d697af4/cffi-1.17.1-cp313-cp313-manylinux_2_17_x86_64.manylinux2014_x86_64.whl", hash = "sha256:dd398dbc6773384a17fe0d3e7eeb8d1a21c2200473ee6806bb5e6a8e62bb73dd", size = 479447 },
    { url = "https://files.pythonhosted.org/packages/5f/e4/fb8b3dd8dc0e98edf1135ff067ae070bb32ef9d509d6cb0f538cd6f7483f/cffi-1.17.1-cp313-cp313-musllinux_1_1_aarch64.whl", hash = "sha256:3edc8d958eb099c634dace3c7e16560ae474aa3803a5df240542b305d14e14ed", size = 484358 },
    { url = "https://files.pythonhosted.org/packages/f1/47/d7145bf2dc04684935d57d67dff9d6d795b2ba2796806bb109864be3a151/cffi-1.17.1-cp313-cp313-musllinux_1_1_x86_64.whl", hash = "sha256:72e72408cad3d5419375fc87d289076ee319835bdfa2caad331e377589aebba9", size = 488469 },
    { url = "https://files.pythonhosted.org/packages/bf/ee/f94057fa6426481d663b88637a9a10e859e492c73d0384514a17d78ee205/cffi-1.17.1-cp313-cp313-win32.whl", hash = "sha256:e03eab0a8677fa80d646b5ddece1cbeaf556c313dcfac435ba11f107ba117b5d", size = 172475 },
    { url = "https://files.pythonhosted.org/packages/7c/fc/6a8cb64e5f0324877d503c854da15d76c1e50eb722e320b15345c4d0c6de/cffi-1.17.1-cp313-cp313-win_amd64.whl", hash = "sha256:f6a16c31041f09ead72d69f583767292f750d24913dadacf5756b966aacb3f1a", size = 182009 },
]

[[package]]
name = "cryptography"
version = "43.0.3"
source = { registry = "https://pypi.org/simple" }
dependencies = [
    { name = "cffi", marker = "platform_python_implementation != 'PyPy'" },
]
sdist = { url = "https://files.pythonhosted.org/packages/0d/05/07b55d1fa21ac18c3a8c79f764e2514e6f6a9698f1be44994f5adf0d29db/cryptography-43.0.3.tar.gz", hash = "sha256:315b9001266a492a6ff443b61238f956b214dbec9910a081ba5b6646a055a805", size = 686989 }
wheels = [
    { url = "https://files.pythonhosted.org/packages/1f/f3/01fdf26701a26f4b4dbc337a26883ad5bccaa6f1bbbdd29cd89e22f18a1c/cryptography-43.0.3-cp37-abi3-macosx_10_9_universal2.whl", hash = "sha256:bf7a1932ac4176486eab36a19ed4c0492da5d97123f1406cf15e41b05e787d2e", size = 6225303 },
    { url = "https://files.pythonhosted.org/packages/a3/01/4896f3d1b392025d4fcbecf40fdea92d3df8662123f6835d0af828d148fd/cryptography-43.0.3-cp37-abi3-manylinux_2_17_aarch64.manylinux2014_aarch64.whl", hash = "sha256:63efa177ff54aec6e1c0aefaa1a241232dcd37413835a9b674b6e3f0ae2bfd3e", size = 3760905 },
    { url = "https://files.pythonhosted.org/packages/0a/be/f9a1f673f0ed4b7f6c643164e513dbad28dd4f2dcdf5715004f172ef24b6/cryptography-43.0.3-cp37-abi3-manylinux_2_17_x86_64.manylinux2014_x86_64.whl", hash = "sha256:7e1ce50266f4f70bf41a2c6dc4358afadae90e2a1e5342d3c08883df1675374f", size = 3977271 },
    { url = "https://files.pythonhosted.org/packages/4e/49/80c3a7b5514d1b416d7350830e8c422a4d667b6d9b16a9392ebfd4a5388a/cryptography-43.0.3-cp37-abi3-manylinux_2_28_aarch64.whl", hash = "sha256:443c4a81bb10daed9a8f334365fe52542771f25aedaf889fd323a853ce7377d6", size = 3746606 },
    { url = "https://files.pythonhosted.org/packages/0e/16/a28ddf78ac6e7e3f25ebcef69ab15c2c6be5ff9743dd0709a69a4f968472/cryptography-43.0.3-cp37-abi3-manylinux_2_28_x86_64.whl", hash = "sha256:74f57f24754fe349223792466a709f8e0c093205ff0dca557af51072ff47ab18", size = 3986484 },
    { url = "https://files.pythonhosted.org/packages/01/f5/69ae8da70c19864a32b0315049866c4d411cce423ec169993d0434218762/cryptography-43.0.3-cp37-abi3-musllinux_1_2_aarch64.whl", hash = "sha256:9762ea51a8fc2a88b70cf2995e5675b38d93bf36bd67d91721c309df184f49bd", size = 3852131 },
    { url = "https://files.pythonhosted.org/packages/fd/db/e74911d95c040f9afd3612b1f732e52b3e517cb80de8bf183be0b7d413c6/cryptography-43.0.3-cp37-abi3-musllinux_1_2_x86_64.whl", hash = "sha256:81ef806b1fef6b06dcebad789f988d3b37ccaee225695cf3e07648eee0fc6b73", size = 4075647 },
    { url = "https://files.pythonhosted.org/packages/56/48/7b6b190f1462818b324e674fa20d1d5ef3e24f2328675b9b16189cbf0b3c/cryptography-43.0.3-cp37-abi3-win32.whl", hash = "sha256:cbeb489927bd7af4aa98d4b261af9a5bc025bd87f0e3547e11584be9e9427be2", size = 2623873 },
    { url = "https://files.pythonhosted.org/packages/eb/b1/0ebff61a004f7f89e7b65ca95f2f2375679d43d0290672f7713ee3162aff/cryptography-43.0.3-cp37-abi3-win_amd64.whl", hash = "sha256:f46304d6f0c6ab8e52770addfa2fc41e6629495548862279641972b6215451cd", size = 3068039 },
    { url = "https://files.pythonhosted.org/packages/30/d5/c8b32c047e2e81dd172138f772e81d852c51f0f2ad2ae8a24f1122e9e9a7/cryptography-43.0.3-cp39-abi3-macosx_10_9_universal2.whl", hash = "sha256:8ac43ae87929a5982f5948ceda07001ee5e83227fd69cf55b109144938d96984", size = 6222984 },
    { url = "https://files.pythonhosted.org/packages/2f/78/55356eb9075d0be6e81b59f45c7b48df87f76a20e73893872170471f3ee8/cryptography-43.0.3-cp39-abi3-manylinux_2_17_aarch64.manylinux2014_aarch64.whl", hash = "sha256:846da004a5804145a5f441b8530b4bf35afbf7da70f82409f151695b127213d5", size = 3762968 },
    { url = "https://files.pythonhosted.org/packages/2a/2c/488776a3dc843f95f86d2f957ca0fc3407d0242b50bede7fad1e339be03f/cryptography-43.0.3-cp39-abi3-manylinux_2_17_x86_64.manylinux2014_x86_64.whl", hash = "sha256:0f996e7268af62598f2fc1204afa98a3b5712313a55c4c9d434aef49cadc91d4", size = 3977754 },
    { url = "https://files.pythonhosted.org/packages/7c/04/2345ca92f7a22f601a9c62961741ef7dd0127c39f7310dffa0041c80f16f/cryptography-43.0.3-cp39-abi3-manylinux_2_28_aarch64.whl", hash = "sha256:f7b178f11ed3664fd0e995a47ed2b5ff0a12d893e41dd0494f406d1cf555cab7", size = 3749458 },
    { url = "https://files.pythonhosted.org/packages/ac/25/e715fa0bc24ac2114ed69da33adf451a38abb6f3f24ec207908112e9ba53/cryptography-43.0.3-cp39-abi3-manylinux_2_28_x86_64.whl", hash = "sha256:c2e6fc39c4ab499049df3bdf567f768a723a5e8464816e8f009f121a5a9f4405", size = 3988220 },
    { url = "https://files.pythonhosted.org/packages/21/ce/b9c9ff56c7164d8e2edfb6c9305045fbc0df4508ccfdb13ee66eb8c95b0e/cryptography-43.0.3-cp39-abi3-musllinux_1_2_aarch64.whl", hash = "sha256:e1be4655c7ef6e1bbe6b5d0403526601323420bcf414598955968c9ef3eb7d16", size = 3853898 },
    { url = "https://files.pythonhosted.org/packages/2a/33/b3682992ab2e9476b9c81fff22f02c8b0a1e6e1d49ee1750a67d85fd7ed2/cryptography-43.0.3-cp39-abi3-musllinux_1_2_x86_64.whl", hash = "sha256:df6b6c6d742395dd77a23ea3728ab62f98379eff8fb61be2744d4679ab678f73", size = 4076592 },
    { url = "https://files.pythonhosted.org/packages/81/1e/ffcc41b3cebd64ca90b28fd58141c5f68c83d48563c88333ab660e002cd3/cryptography-43.0.3-cp39-abi3-win32.whl", hash = "sha256:d56e96520b1020449bbace2b78b603442e7e378a9b3bd68de65c782db1507995", size = 2623145 },
    { url = "https://files.pythonhosted.org/packages/87/5c/3dab83cc4aba1f4b0e733e3f0c3e7d4386440d660ba5b1e3ff995feb734d/cryptography-43.0.3-cp39-abi3-win_amd64.whl", hash = "sha256:0c580952eef9bf68c4747774cde7ec1d85a6e61de97281f2dba83c7d2c806362", size = 3068026 },
    { url = "https://files.pythonhosted.org/packages/6f/db/d8b8a039483f25fc3b70c90bc8f3e1d4497a99358d610c5067bf3bd4f0af/cryptography-43.0.3-pp310-pypy310_pp73-macosx_10_9_x86_64.whl", hash = "sha256:d03b5621a135bffecad2c73e9f4deb1a0f977b9a8ffe6f8e002bf6c9d07b918c", size = 3144545 },
    { url = "https://files.pythonhosted.org/packages/93/90/116edd5f8ec23b2dc879f7a42443e073cdad22950d3c8ee834e3b8124543/cryptography-43.0.3-pp310-pypy310_pp73-manylinux_2_28_aarch64.whl", hash = "sha256:a2a431ee15799d6db9fe80c82b055bae5a752bef645bba795e8e52687c69efe3", size = 3679828 },
    { url = "https://files.pythonhosted.org/packages/d8/32/1e1d78b316aa22c0ba6493cc271c1c309969e5aa5c22c830a1d7ce3471e6/cryptography-43.0.3-pp310-pypy310_pp73-manylinux_2_28_x86_64.whl", hash = "sha256:281c945d0e28c92ca5e5930664c1cefd85efe80e5c0d2bc58dd63383fda29f83", size = 3908132 },
    { url = "https://files.pythonhosted.org/packages/91/bb/cd2c13be3332e7af3cdf16154147952d39075b9f61ea5e6b5241bf4bf436/cryptography-43.0.3-pp310-pypy310_pp73-win_amd64.whl", hash = "sha256:f18c716be16bc1fea8e95def49edf46b82fccaa88587a45f8dc0ff6ab5d8e0a7", size = 2988811 },
]

[[package]]
name = "cytoolz"
version = "1.0.0"
source = { registry = "https://pypi.org/simple" }
dependencies = [
    { name = "toolz" },
]
sdist = { url = "https://files.pythonhosted.org/packages/e2/4c/ca9b05bdfa28ddbb4a5365c27021a1d4be61db7d8f6b4e5d4e76aa4ba3b7/cytoolz-1.0.0.tar.gz", hash = "sha256:eb453b30182152f9917a5189b7d99046b6ce90cdf8aeb0feff4b2683e600defd", size = 626708 }
wheels = [
    { url = "https://files.pythonhosted.org/packages/4b/77/2afed35b93fdc38c4565ae79aca6b6149d0ea2fc4eeeca9b0adf9da04b9e/cytoolz-1.0.0-cp310-cp310-macosx_10_9_x86_64.whl", hash = "sha256:ecf5a887acb8f079ab1b81612b1c889bcbe6611aa7804fd2df46ed310aa5a345", size = 403505 },
    { url = "https://files.pythonhosted.org/packages/a8/dc/6b5af6932b656213883557dcc6b1f843ec302dc02fec4b75bf1356b938f9/cytoolz-1.0.0-cp310-cp310-macosx_11_0_arm64.whl", hash = "sha256:ef0ef30c1e091d4d59d14d8108a16d50bd227be5d52a47da891da5019ac2f8e4", size = 383918 },
    { url = "https://files.pythonhosted.org/packages/2e/8c/d42dc240cda418b8241541c240c4696cf99475141c4d58fbe89b8c39bac1/cytoolz-1.0.0-cp310-cp310-manylinux_2_17_aarch64.manylinux2014_aarch64.whl", hash = "sha256:7df2dfd679f0517a96ced1cdd22f5c6c6aeeed28d928a82a02bf4c3fd6fd7ac4", size = 1934558 },
    { url = "https://files.pythonhosted.org/packages/ff/74/af7863cc407ebf535aec9adf0cb72bbac2f036ec2550726d4d8ab00eb41c/cytoolz-1.0.0-cp310-cp310-manylinux_2_17_ppc64le.manylinux2014_ppc64le.whl", hash = "sha256:8c51452c938e610f57551aa96e34924169c9100c0448bac88c2fb395cbd3538c", size = 2015123 },
    { url = "https://files.pythonhosted.org/packages/01/98/83a0d9051e56e0b26a290439bd15b696c431c91d1dca384370cf9b23f04a/cytoolz-1.0.0-cp310-cp310-manylinux_2_17_s390x.manylinux2014_s390x.whl", hash = "sha256:6433f03910c5e5345d82d6299457c26bf33821224ebb837c6b09d9cdbc414a6c", size = 2000496 },
    { url = "https://files.pythonhosted.org/packages/d1/2d/ea68ba5d9c07f5d6cdb8ef85ec92f1a573deaad998807d035d2ef71aeb00/cytoolz-1.0.0-cp310-cp310-manylinux_2_17_x86_64.manylinux2014_x86_64.whl", hash = "sha256:389ec328bb535f09e71dfe658bf0041f17194ca4cedaacd39bafe7893497a819", size = 1957529 },
    { url = "https://files.pythonhosted.org/packages/7d/f3/e5b6b7128412bcb8d58c5cbd5a785befdc2c633502653937be41a54b2037/cytoolz-1.0.0-cp310-cp310-manylinux_2_5_i686.manylinux1_i686.manylinux_2_17_i686.manylinux2014_i686.whl", hash = "sha256:c64658e1209517ce4b54c1c9269a508b289d8d55fc742760e4b8579eacf09a33", size = 1863322 },
    { url = "https://files.pythonhosted.org/packages/ee/ff/534c227de78e9c45c6e764b46830640f73390b7fe5dd39556cd4de4fd3b8/cytoolz-1.0.0-cp310-cp310-musllinux_1_2_aarch64.whl", hash = "sha256:f6039a9bd5bb988762458b9ca82b39e60ca5e5baae2ba93913990dcc5d19fa88", size = 1849933 },
    { url = "https://files.pythonhosted.org/packages/ef/a9/7a51c084ceba8809f18aacb0bae86caf02aa5d5ebe5d5465819228a690d0/cytoolz-1.0.0-cp310-cp310-musllinux_1_2_i686.whl", hash = "sha256:85c9c8c4465ed1b2c8d67003809aec9627b129cb531d2f6cf0bbfe39952e7e4d", size = 1852341 },
    { url = "https://files.pythonhosted.org/packages/ae/01/9b00fa8956c6b76ffd72fc896b2ba4e06165d7f90e03cf4ff253a4282d01/cytoolz-1.0.0-cp310-cp310-musllinux_1_2_ppc64le.whl", hash = "sha256:49375aad431d76650f94877afb92f09f58b6ff9055079ef4f2cd55313f5a1b39", size = 1989871 },
    { url = "https://files.pythonhosted.org/packages/30/5a/3857a60ce3083d083fffcac13938ae045d22ee0a55f88b83a22443132e5d/cytoolz-1.0.0-cp310-cp310-musllinux_1_2_s390x.whl", hash = "sha256:4c45106171c824a61e755355520b646cb35a1987b34bbf5789443823ee137f63", size = 1994484 },
    { url = "https://files.pythonhosted.org/packages/6c/3d/8585a635ebeba67f234f7779926519fda732399dd875b7cdff2cb2a3bff7/cytoolz-1.0.0-cp310-cp310-musllinux_1_2_x86_64.whl", hash = "sha256:3b319a7f0fed5db07d189db4046162ebc183c108df3562a65ba6ebe862d1f634", size = 1896072 },
    { url = "https://files.pythonhosted.org/packages/4c/3f/9f208381c12d2c8437ea09eef56f12c6f44af74ef5bc7546ca4fb099979e/cytoolz-1.0.0-cp310-cp310-win32.whl", hash = "sha256:9770e1b09748ad0d751853d994991e2592a9f8c464a87014365f80dac2e83faa", size = 322319 },
    { url = "https://files.pythonhosted.org/packages/d7/95/cbc120ba4f70f874481f6ec650d26c265db1645fb5285a81e589d5831073/cytoolz-1.0.0-cp310-cp310-win_amd64.whl", hash = "sha256:20194dd02954c00c1f0755e636be75a20781f91a4ac9270c7f747e82d3c7f5a5", size = 363803 },
    { url = "https://files.pythonhosted.org/packages/bc/99/b489081777ad02c9bba294c757583416d0bdbd9403017145aba68145c16f/cytoolz-1.0.0-cp311-cp311-macosx_10_9_x86_64.whl", hash = "sha256:dffc22fd2c91be64dbdbc462d0786f8e8ac9a275cfa1869a1084d1867d4f67e0", size = 406148 },
    { url = "https://files.pythonhosted.org/packages/b2/d3/a4d58bf89924dbca34e8dbb643b26935e08c16b4a2ee255d43a8b7489939/cytoolz-1.0.0-cp311-cp311-macosx_11_0_arm64.whl", hash = "sha256:a99e7e29274e293f4ffe20e07f76c2ac753a78f1b40c1828dfc54b2981b2f6c4", size = 384956 },
    { url = "https://files.pythonhosted.org/packages/81/d4/4d09e6571ef3b143f668c590a7a00c97ff24e6df6901f457ea7c782cd2ba/cytoolz-1.0.0-cp311-cp311-manylinux_2_17_aarch64.manylinux2014_aarch64.whl", hash = "sha256:c507a3e0a45c41d66b43f96797290d75d1e7a8549aa03a4a6b8854fdf3f7b8d8", size = 2091688 },
    { url = "https://files.pythonhosted.org/packages/8d/7b/68c89bed2e0490e9b946574c3bc79711179f35b1dc5eb31046c535f1bed2/cytoolz-1.0.0-cp311-cp311-manylinux_2_17_ppc64le.manylinux2014_ppc64le.whl", hash = "sha256:643a593ec272ef7429099e1182a22f64ec2696c00d295d2a5be390db1b7ff176", size = 2188448 },
    { url = "https://files.pythonhosted.org/packages/56/a3/4e536fc7b72fd7495e19180463e8160a4fe1d50ab59a5854fc596621d5c3/cytoolz-1.0.0-cp311-cp311-manylinux_2_17_s390x.manylinux2014_s390x.whl", hash = "sha256:6ce38e2e42cbae30446190c59b92a8a9029e1806fd79eaf88f48b0fe33003893", size = 2174196 },
    { url = "https://files.pythonhosted.org/packages/5a/7f/0451778af9e22755a95ef4400ee7fc6e41387521ab0f17699593cb07169a/cytoolz-1.0.0-cp311-cp311-manylinux_2_17_x86_64.manylinux2014_x86_64.whl", hash = "sha256:810a6a168b8c5ecb412fbae3dd6f7ed6c6253a63caf4174ee9794ebd29b2224f", size = 2099823 },
    { url = "https://files.pythonhosted.org/packages/58/b7/8ffdef1ac8f74b0cc650b9d4a74d93d911a7e20fcf7cc0abac0f4bce225f/cytoolz-1.0.0-cp311-cp311-manylinux_2_5_i686.manylinux1_i686.manylinux_2_17_i686.manylinux2014_i686.whl", hash = "sha256:0ce8a2a85c0741c1b19b16e6782c4a5abc54c3caecda66793447112ab2fa9884", size = 1996733 },
    { url = "https://files.pythonhosted.org/packages/1c/ab/9c694c883f3038d167b797cc55c64c2bdb64146428000cea15f235f30a0f/cytoolz-1.0.0-cp311-cp311-musllinux_1_2_aarch64.whl", hash = "sha256:ea4ac72e6b830861035c4c7999af8e55813f57c6d1913a3d93cc4a6babc27bf7", size = 2013725 },
    { url = "https://files.pythonhosted.org/packages/6c/df/859faaee91c795dc969c79cd38159031f373828d44b0b18999feb7d9a44d/cytoolz-1.0.0-cp311-cp311-musllinux_1_2_i686.whl", hash = "sha256:a09cdfb21dfb38aa04df43e7546a41f673377eb5485da88ceb784e327ec7603b", size = 1994851 },
    { url = "https://files.pythonhosted.org/packages/34/2a/26ac5a34e859c5ba32351f5a74492f4ed12e7a7e75b6afccf11c4100aa70/cytoolz-1.0.0-cp311-cp311-musllinux_1_2_ppc64le.whl", hash = "sha256:658dd85deb375ff7af990a674e5c9058cef1c9d1f5dc89bc87b77be499348144", size = 2155343 },
    { url = "https://files.pythonhosted.org/packages/3d/41/f687d2e40407b29bfcce36a7d456dad368283ea543aa39da53bcc119974e/cytoolz-1.0.0-cp311-cp311-musllinux_1_2_s390x.whl", hash = "sha256:9715d1ff5576919d10b68f17241375f6a1eec8961c25b78a83e6ef1487053f39", size = 2163507 },
    { url = "https://files.pythonhosted.org/packages/39/7c/70d529f909d97ea214d59923c19e3d05a3768fe8e2066542b72550a31ca4/cytoolz-1.0.0-cp311-cp311-musllinux_1_2_x86_64.whl", hash = "sha256:f370a1f1f1afc5c1c8cc5edc1cfe0ba444263a0772af7ce094be8e734f41769d", size = 2054428 },
    { url = "https://files.pythonhosted.org/packages/5a/4a/7bb2eafe4077f6d9867547ca74ca4b75bc8a081e32a47e186e5c067f6cab/cytoolz-1.0.0-cp311-cp311-win32.whl", hash = "sha256:dbb2ec1177dca700f3db2127e572da20de280c214fc587b2a11c717fc421af56", size = 322300 },
    { url = "https://files.pythonhosted.org/packages/5a/ed/a1c955444343224ab1317a41f6575bc640055eb2495e8f9175f8f28bd776/cytoolz-1.0.0-cp311-cp311-win_amd64.whl", hash = "sha256:0983eee73df86e54bb4a79fcc4996aa8b8368fdbf43897f02f9c3bf39c4dc4fb", size = 365539 },
    { url = "https://files.pythonhosted.org/packages/28/2e/a8b71f74ee75f33164bfbc6324ddd1e8d0f425255b1c930141516f51d539/cytoolz-1.0.0-cp312-cp312-macosx_10_13_x86_64.whl", hash = "sha256:10e3986066dc379e30e225b230754d9f5996aa8d84c2accc69c473c21d261e46", size = 414110 },
    { url = "https://files.pythonhosted.org/packages/c6/0a/999af6bb896375b0c687e292a3dcd4edb338a2764bbac40c0ce11eb21c64/cytoolz-1.0.0-cp312-cp312-macosx_11_0_arm64.whl", hash = "sha256:16576f1bb143ee2cb9f719fcc4b845879fb121f9075c7c5e8a5ff4854bd02fc6", size = 390900 },
    { url = "https://files.pythonhosted.org/packages/30/04/02f0ee5339f8c6ef785f06caee85e17e8e0b406e7e553c8fd99a55ff8390/cytoolz-1.0.0-cp312-cp312-manylinux_2_17_aarch64.manylinux2014_aarch64.whl", hash = "sha256:3faa25a1840b984315e8b3ae517312375f4273ffc9a2f035f548b7f916884f37", size = 2090729 },
    { url = "https://files.pythonhosted.org/packages/04/de/296ded5f81ada90ae4db8c06cc34b142cf6c51fabb4c3c78583abba91c36/cytoolz-1.0.0-cp312-cp312-manylinux_2_17_ppc64le.manylinux2014_ppc64le.whl", hash = "sha256:781fce70a277b20fd95dc66811d1a97bb07b611ceea9bda8b7dd3c6a4b05d59a", size = 2155926 },
    { url = "https://files.pythonhosted.org/packages/cc/ce/d5782bdd3d2fd16d87e83e70e14fcfa65ba67ba21cf7e1007505baef7d79/cytoolz-1.0.0-cp312-cp312-manylinux_2_17_s390x.manylinux2014_s390x.whl", hash = "sha256:7a562c25338eb24d419d1e80a7ae12133844ce6fdeb4ab54459daf250088a1b2", size = 2171893 },
    { url = "https://files.pythonhosted.org/packages/d0/02/22a8c74ff13f8a08e8cacd0a0aa34da3a6e3637cf477e376efc61f7567e5/cytoolz-1.0.0-cp312-cp312-manylinux_2_17_x86_64.manylinux2014_x86_64.whl", hash = "sha256:f29d8330aaf070304f7cd5cb7e73e198753624eb0aec278557cccd460c699b5b", size = 2125265 },
    { url = "https://files.pythonhosted.org/packages/50/d1/a3f2e2ced1fa7e2b5607d05ed4de9951491004a4804e96f78778d11bebd4/cytoolz-1.0.0-cp312-cp312-manylinux_2_5_i686.manylinux1_i686.manylinux_2_17_i686.manylinux2014_i686.whl", hash = "sha256:98a96c54aa55ed9c7cdb23c2f0df39a7b4ee518ac54888480b5bdb5ef69c7ef0", size = 1973962 },
    { url = "https://files.pythonhosted.org/packages/3e/10/174d9585e1011824e2e6e79380f8b1c6e49070c35a278d823d996d1c11e6/cytoolz-1.0.0-cp312-cp312-musllinux_1_2_aarch64.whl", hash = "sha256:287d6d7f475882c2ddcbedf8da9a9b37d85b77690779a2d1cdceb5ae3998d52e", size = 2021691 },
    { url = "https://files.pythonhosted.org/packages/84/aa/bebdca3ae140698d3d4fe75ffd4c87a15ee999cee6b994e0831e5a24cdd7/cytoolz-1.0.0-cp312-cp312-musllinux_1_2_i686.whl", hash = "sha256:05a871688df749b982839239fcd3f8ec3b3b4853775d575ff9cd335fa7c75035", size = 2010169 },
    { url = "https://files.pythonhosted.org/packages/2e/9f/8d5940c953534a4d2ae4419bb4fdc1eb5559345fed1f4838708073d7e6b4/cytoolz-1.0.0-cp312-cp312-musllinux_1_2_ppc64le.whl", hash = "sha256:28bb88e1e2f7d6d4b8e0890b06d292c568984d717de3e8381f2ca1dd12af6470", size = 2154314 },
    { url = "https://files.pythonhosted.org/packages/84/bf/a5414601c95afde30a0c038c5d6273c188f1da8ff25a057bd0c683679e5c/cytoolz-1.0.0-cp312-cp312-musllinux_1_2_s390x.whl", hash = "sha256:576a4f1fc73d8836b10458b583f915849da6e4f7914f4ecb623ad95c2508cad5", size = 2188368 },
    { url = "https://files.pythonhosted.org/packages/67/fe/990ea30d56b9b6602f3bf4af77a1bfd9233e6ffb761b11b8864619fed508/cytoolz-1.0.0-cp312-cp312-musllinux_1_2_x86_64.whl", hash = "sha256:509ed3799c47e4ada14f63e41e8f540ac6e2dab97d5d7298934e6abb9d3830ec", size = 2077906 },
    { url = "https://files.pythonhosted.org/packages/ab/95/94b936501e1e23460732631e5d7c6efc4f6c09df21a594dfca9bf30b9411/cytoolz-1.0.0-cp312-cp312-win32.whl", hash = "sha256:9ce25f02b910630f6dc2540dd1e26c9326027ddde6c59f8cab07c56acc70714c", size = 322445 },
    { url = "https://files.pythonhosted.org/packages/be/04/a49b73591b132be5a28c0670229629a3c002cfac59582a1d38b16bdc6fed/cytoolz-1.0.0-cp312-cp312-win_amd64.whl", hash = "sha256:7e53cfcce87e05b7f0ae2fb2b3e5820048cd0bb7b701e92bd8f75c9fbb7c9ae9", size = 364595 },
    { url = "https://files.pythonhosted.org/packages/16/7c/8b9fc006925b08579ae35293ad7d14fea4ee94edf1efaaa17e1bdde85b9a/cytoolz-1.0.0-pp310-pypy310_pp73-macosx_10_15_x86_64.whl", hash = "sha256:e672712d5dc3094afc6fb346dd4e9c18c1f3c69608ddb8cf3b9f8428f9c26a5c", size = 345694 },
    { url = "https://files.pythonhosted.org/packages/76/d1/159cc7c0c86d6fb8177be437dd6112d90c7f40ef0ceda2102472242b0ccf/cytoolz-1.0.0-pp310-pypy310_pp73-manylinux_2_17_aarch64.manylinux2014_aarch64.whl", hash = "sha256:86fb208bfb7420e1d0d20065d661310e4a8a6884851d4044f47d37ed4cd7410e", size = 385691 },
    { url = "https://files.pythonhosted.org/packages/43/99/21361970f2d7cce241f116d84e8f5c21f1440414be96d0c8cad7832d35cb/cytoolz-1.0.0-pp310-pypy310_pp73-manylinux_2_5_i686.manylinux1_i686.manylinux_2_17_i686.manylinux2014_i686.whl", hash = "sha256:6dbe5fe3b835859fc559eb59bf2775b5a108f7f2cfab0966f3202859d787d8fd", size = 406251 },
    { url = "https://files.pythonhosted.org/packages/d8/98/bc3d6eadb495de0d48c4d738e5ee6f011d8adbf6a3fcc1f7c17d05bc49d3/cytoolz-1.0.0-pp310-pypy310_pp73-manylinux_2_5_x86_64.manylinux1_x86_64.manylinux_2_17_x86_64.manylinux2014_x86_64.whl", hash = "sha256:0cace092dfda174eed09ed871793beb5b65633963bcda5b1632c73a5aceea1ce", size = 397203 },
    { url = "https://files.pythonhosted.org/packages/91/b1/df1ed78f08abe8781376bd197532e6e4b38bb3595dd82f6a2b8751407a52/cytoolz-1.0.0-pp310-pypy310_pp73-win_amd64.whl", hash = "sha256:f7a9d816af3be9725c70efe0a6e4352a45d3877751b395014b8eb2f79d7d8d9d", size = 343504 },
]

[[package]]
name = "ecdsa"
version = "0.19.0"
source = { registry = "https://pypi.org/simple" }
dependencies = [
    { name = "six" },
]
sdist = { url = "https://files.pythonhosted.org/packages/5e/d0/ec8ac1de7accdcf18cfe468653ef00afd2f609faf67c423efbd02491051b/ecdsa-0.19.0.tar.gz", hash = "sha256:60eaad1199659900dd0af521ed462b793bbdf867432b3948e87416ae4caf6bf8", size = 197791 }
wheels = [
    { url = "https://files.pythonhosted.org/packages/00/e7/ed3243b30d1bec41675b6394a1daae46349dc2b855cb83be846a5a918238/ecdsa-0.19.0-py2.py3-none-any.whl", hash = "sha256:2cea9b88407fdac7bbeca0833b189e4c9c53f2ef1e1eaa29f6224dbc809b707a", size = 149266 },
]

[[package]]
name = "eth-hash"
version = "0.7.0"
source = { registry = "https://pypi.org/simple" }
sdist = { url = "https://files.pythonhosted.org/packages/c6/b6/57c89b91cf2dbb02b3019337f97bf346167d06cd23d3bde43c9fe52cae7e/eth-hash-0.7.0.tar.gz", hash = "sha256:bacdc705bfd85dadd055ecd35fd1b4f846b671add101427e089a4ca2e8db310a", size = 12463 }
wheels = [
    { url = "https://files.pythonhosted.org/packages/73/f0/a35e791bd73fa425838d8d0157754150ded141a94cf30d567dfeb9d57316/eth_hash-0.7.0-py3-none-any.whl", hash = "sha256:b8d5a230a2b251f4a291e3164a23a14057c4a6de4b0aa4a16fa4dc9161b57e2f", size = 8650 },
]

[[package]]
name = "eth-keys"
version = "0.6.0"
source = { registry = "https://pypi.org/simple" }
dependencies = [
    { name = "eth-typing" },
    { name = "eth-utils" },
]
sdist = { url = "https://files.pythonhosted.org/packages/58/4a/aabe0bff4e299858845fba5598c435f2bee0646366b9635750133904e2d8/eth_keys-0.6.0.tar.gz", hash = "sha256:ba33230f851d02c894e83989185b21d76152c49b37e35b61b1d8a6d9f1d20430", size = 28944 }
wheels = [
    { url = "https://files.pythonhosted.org/packages/f0/ee/583612eed5d49f10bd1749d7dda9e93691ab02724b7af84830046e31c64c/eth_keys-0.6.0-py3-none-any.whl", hash = "sha256:b396fdfe048a5bba3ef3990739aec64901eb99901c03921caa774be668b1db6e", size = 21210 },
]

[[package]]
name = "eth-typing"
version = "5.0.1"
source = { registry = "https://pypi.org/simple" }
dependencies = [
    { name = "typing-extensions" },
]
sdist = { url = "https://files.pythonhosted.org/packages/33/32/d5a1bdf872f92a7c3361396b684aeba7abaabb341bd22a80029abcd1f68e/eth_typing-5.0.1.tar.gz", hash = "sha256:83debf88c9df286db43bb7374974681ebcc9f048fac81be2548dbc549a3203c0", size = 22716 }
wheels = [
    { url = "https://files.pythonhosted.org/packages/1a/ef/a66ff9b83df51b83c1af468fc7b5e4a3855d9e3c01e2365ecfe1c5e84077/eth_typing-5.0.1-py3-none-any.whl", hash = "sha256:f30d1af16aac598f216748a952eeb64fbcb6e73efa691d2de31148138afe96de", size = 20085 },
]

[[package]]
name = "eth-utils"
version = "5.1.0"
source = { registry = "https://pypi.org/simple" }
dependencies = [
    { name = "cytoolz", marker = "implementation_name == 'cpython'" },
    { name = "eth-hash" },
    { name = "eth-typing" },
    { name = "toolz", marker = "implementation_name == 'pypy'" },
]
sdist = { url = "https://files.pythonhosted.org/packages/cc/b2/d5180e5dd01c5f5c9178274c7e27c67579c67554045370d3b8e60b562ea8/eth_utils-5.1.0.tar.gz", hash = "sha256:84c6314b9cf1fcd526107464bbf487e3f87097a2e753360d5ed319f7d42e3f20", size = 120325 }
wheels = [
    { url = "https://files.pythonhosted.org/packages/7c/19/e8d3e0e53dea8fb3054892e536cd1e02ebf492eeb4c42901763c2ae67f44/eth_utils-5.1.0-py3-none-any.whl", hash = "sha256:a99f1f01b51206620904c5af47fac65abc143aebd0a76bdec860381c5a3230f8", size = 100513 },
]

[[package]]
name = "pycparser"
version = "2.22"
source = { registry = "https://pypi.org/simple" }
sdist = { url = "https://files.pythonhosted.org/packages/1d/b2/31537cf4b1ca988837256c910a668b553fceb8f069bedc4b1c826024b52c/pycparser-2.22.tar.gz", hash = "sha256:491c8be9c040f5390f5bf44a5b07752bd07f56edf992381b05c701439eec10f6", size = 172736 }
wheels = [
    { url = "https://files.pythonhosted.org/packages/13/a3/a812df4e2dd5696d1f351d58b8fe16a405b234ad2886a0dab9183fb78109/pycparser-2.22-py3-none-any.whl", hash = "sha256:c3702b6d3dd8c7abc1afa565d7e63d53a1d0bd86cdc24edd75470f4de499cfcc", size = 117552 },
]

[[package]]
name = "ruff"
version = "0.7.3"
source = { registry = "https://pypi.org/simple" }
sdist = { url = "https://files.pythonhosted.org/packages/4b/06/09d1276df977eece383d0ed66052fc24ec4550a61f8fbc0a11200e690496/ruff-0.7.3.tar.gz", hash = "sha256:e1d1ba2e40b6e71a61b063354d04be669ab0d39c352461f3d789cac68b54a313", size = 3243664 }
wheels = [
    { url = "https://files.pythonhosted.org/packages/c0/56/933d433c2489e4642487b835f53dd9ff015fb3d8fa459b09bb2ce42d7c4b/ruff-0.7.3-py3-none-linux_armv6l.whl", hash = "sha256:34f2339dc22687ec7e7002792d1f50712bf84a13d5152e75712ac08be565d344", size = 10372090 },
    { url = "https://files.pythonhosted.org/packages/20/ea/1f0a22a6bcdd3fc26c73f63a025d05bd565901b729d56bcb093c722a6c4c/ruff-0.7.3-py3-none-macosx_10_12_x86_64.whl", hash = "sha256:fb397332a1879b9764a3455a0bb1087bda876c2db8aca3a3cbb67b3dbce8cda0", size = 10190037 },
    { url = "https://files.pythonhosted.org/packages/16/74/aca75666e0d481fe394e76a8647c44ea919087748024924baa1a17371e3e/ruff-0.7.3-py3-none-macosx_11_0_arm64.whl", hash = "sha256:37d0b619546103274e7f62643d14e1adcbccb242efda4e4bdb9544d7764782e9", size = 9811998 },
    { url = "https://files.pythonhosted.org/packages/20/a1/cf446a0d7f78ea1f0bd2b9171c11dfe746585c0c4a734b25966121eb4f5d/ruff-0.7.3-py3-none-manylinux_2_17_aarch64.manylinux2014_aarch64.whl", hash = "sha256:5d59f0c3ee4d1a6787614e7135b72e21024875266101142a09a61439cb6e38a5", size = 10620626 },
    { url = "https://files.pythonhosted.org/packages/cd/c1/82b27d09286ae855f5d03b1ad37cf243f21eb0081732d4d7b0d658d439cb/ruff-0.7.3-py3-none-manylinux_2_17_armv7l.manylinux2014_armv7l.whl", hash = "sha256:44eb93c2499a169d49fafd07bc62ac89b1bc800b197e50ff4633aed212569299", size = 10177598 },
    { url = "https://files.pythonhosted.org/packages/b9/42/c0acac22753bf74013d035a5ef6c5c4c40ad4d6686bfb3fda7c6f37d9b37/ruff-0.7.3-py3-none-manylinux_2_17_i686.manylinux2014_i686.whl", hash = "sha256:6d0242ce53f3a576c35ee32d907475a8d569944c0407f91d207c8af5be5dae4e", size = 11171963 },
    { url = "https://files.pythonhosted.org/packages/43/18/bb0befb7fb9121dd9009e6a72eb98e24f1bacb07c6f3ecb55f032ba98aed/ruff-0.7.3-py3-none-manylinux_2_17_ppc64.manylinux2014_ppc64.whl", hash = "sha256:6b6224af8b5e09772c2ecb8dc9f3f344c1aa48201c7f07e7315367f6dd90ac29", size = 11856157 },
    { url = "https://files.pythonhosted.org/packages/5e/91/04e98d7d6e32eca9d1372be595f9abc7b7f048795e32eb2edbd8794d50bd/ruff-0.7.3-py3-none-manylinux_2_17_ppc64le.manylinux2014_ppc64le.whl", hash = "sha256:c50f95a82b94421c964fae4c27c0242890a20fe67d203d127e84fbb8013855f5", size = 11440331 },
    { url = "https://files.pythonhosted.org/packages/f5/dc/3fe99f2ce10b76d389041a1b9f99e7066332e479435d4bebcceea16caff5/ruff-0.7.3-py3-none-manylinux_2_17_s390x.manylinux2014_s390x.whl", hash = "sha256:7f3eff9961b5d2644bcf1616c606e93baa2d6b349e8aa8b035f654df252c8c67", size = 12725354 },
    { url = "https://files.pythonhosted.org/packages/43/7b/1daa712de1c5bc6cbbf9fa60e9c41cc48cda962dc6d2c4f2a224d2c3007e/ruff-0.7.3-py3-none-manylinux_2_17_x86_64.manylinux2014_x86_64.whl", hash = "sha256:b8963cab06d130c4df2fd52c84e9f10d297826d2e8169ae0c798b6221be1d1d2", size = 11010091 },
    { url = "https://files.pythonhosted.org/packages/b6/db/1227a903587432eb569e57a95b15a4f191a71fe315cde4c0312df7bc85da/ruff-0.7.3-py3-none-musllinux_1_2_aarch64.whl", hash = "sha256:61b46049d6edc0e4317fb14b33bd693245281a3007288b68a3f5b74a22a0746d", size = 10610687 },
    { url = "https://files.pythonhosted.org/packages/db/e2/dc41ee90c3085aadad4da614d310d834f641aaafddf3dfbba08210c616ce/ruff-0.7.3-py3-none-musllinux_1_2_armv7l.whl", hash = "sha256:10ebce7696afe4644e8c1a23b3cf8c0f2193a310c18387c06e583ae9ef284de2", size = 10254843 },
    { url = "https://files.pythonhosted.org/packages/6f/09/5f6cac1c91542bc5bd33d40b4c13b637bf64d7bb29e091dadb01b62527fe/ruff-0.7.3-py3-none-musllinux_1_2_i686.whl", hash = "sha256:3f36d56326b3aef8eeee150b700e519880d1aab92f471eefdef656fd57492aa2", size = 10730962 },
    { url = "https://files.pythonhosted.org/packages/d3/42/89a4b9a24ef7d00269e24086c417a006f9a3ffeac2c80f2629eb5ce140ee/ruff-0.7.3-py3-none-musllinux_1_2_x86_64.whl", hash = "sha256:5d024301109a0007b78d57ab0ba190087b43dce852e552734ebf0b0b85e4fb16", size = 11101907 },
    { url = "https://files.pythonhosted.org/packages/b0/5c/efdb4777686683a8edce94ffd812783bddcd3d2454d38c5ac193fef7c500/ruff-0.7.3-py3-none-win32.whl", hash = "sha256:4ba81a5f0c5478aa61674c5a2194de8b02652f17addf8dfc40c8937e6e7d79fc", size = 8611095 },
    { url = "https://files.pythonhosted.org/packages/bb/b8/28fbc6a4efa50178f973972d1c84b2d0a33cdc731588522ab751ac3da2f5/ruff-0.7.3-py3-none-win_amd64.whl", hash = "sha256:588a9ff2fecf01025ed065fe28809cd5a53b43505f48b69a1ac7707b1b7e4088", size = 9418283 },
    { url = "https://files.pythonhosted.org/packages/3f/77/b587cba6febd5e2003374f37eb89633f79f161e71084f94057c8653b7fb3/ruff-0.7.3-py3-none-win_arm64.whl", hash = "sha256:1713e2c5545863cdbfe2cbce21f69ffaf37b813bfd1fb3b90dc9a6f1963f5a8c", size = 8725228 },
]

[[package]]
name = "six"
version = "1.16.0"
source = { registry = "https://pypi.org/simple" }
sdist = { url = "https://files.pythonhosted.org/packages/71/39/171f1c67cd00715f190ba0b100d606d440a28c93c7714febeca8b79af85e/six-1.16.0.tar.gz", hash = "sha256:1e61c37477a1626458e36f7b1d82aa5c9b094fa4802892072e49de9c60c4c926", size = 34041 }
wheels = [
    { url = "https://files.pythonhosted.org/packages/d9/5a/e7c31adbe875f2abbb91bd84cf2dc52d792b5a01506781dbcf25c91daf11/six-1.16.0-py2.py3-none-any.whl", hash = "sha256:8abb2f1d86890a2dfb989f9a77cfcfd3e47c2a354b01111771326f8aa26e0254", size = 11053 },
]

[[package]]
name = "testuv"
version = "0.1.0"
source = { virtual = "." }
dependencies = [
    { name = "cryptography" },
    { name = "ecdsa" },
    { name = "eth-keys" },
    { name = "ruff" },
]

[package.metadata]
requires-dist = [
    { name = "cryptography", specifier = ">=43.0.3" },
    { name = "ecdsa", specifier = ">=0.19.0" },
    { name = "eth-keys", specifier = ">=0.6.0" },
    { name = "ruff", specifier = ">=0.7.3" },
]

[[package]]
name = "toolz"
version = "1.0.0"
source = { registry = "https://pypi.org/simple" }
sdist = { url = "https://files.pythonhosted.org/packages/8a/0b/d80dfa675bf592f636d1ea0b835eab4ec8df6e9415d8cfd766df54456123/toolz-1.0.0.tar.gz", hash = "sha256:2c86e3d9a04798ac556793bced838816296a2f085017664e4995cb40a1047a02", size = 66790 }
wheels = [
    { url = "https://files.pythonhosted.org/packages/03/98/eb27cc78ad3af8e302c9d8ff4977f5026676e130d28dd7578132a457170c/toolz-1.0.0-py3-none-any.whl", hash = "sha256:292c8f1c4e7516bf9086f8850935c799a874039c8bcf959d47b600e4c44a6236", size = 56383 },
]

[[package]]
name = "typing-extensions"
version = "4.12.2"
source = { registry = "https://pypi.org/simple" }
sdist = { url = "https://files.pythonhosted.org/packages/df/db/f35a00659bc03fec321ba8bce9420de607a1d37f8342eee1863174c69557/typing_extensions-4.12.2.tar.gz", hash = "sha256:1a7ead55c7e559dd4dee8856e3a88b41225abfe1ce8df57b7c13915fe121ffb8", size = 85321 }
wheels = [
    { url = "https://files.pythonhosted.org/packages/26/9f/ad63fc0248c5379346306f8668cda6e2e2e9c95e01216d2b8ffd9ff037d0/typing_extensions-4.12.2-py3-none-any.whl", hash = "sha256:04e5ca0351e0f3f85c6853954072df659d0d13fac324d0072316b67d7794700d", size = 37438 },
]
